// !$*UTF8*$!
{
	archiveVersion = 1;
	classes = {
	};
	objectVersion = 51;
	objects = {

/* Begin PBXBuildFile section */
		4D0CE43E6C8B22A8FD1E7901 /* Pods_Swift5Watson.framework in Frameworks */ = {isa = PBXBuildFile; fileRef = 6D43658E739B774C8BA3E746 /* Pods_Swift5Watson.framework */; };
		F2B6759C24DB060700C6834D /* GoogleService-Info.plist in Resources */ = {isa = PBXBuildFile; fileRef = F2B6759B24DB060700C6834D /* GoogleService-Info.plist */; };
		F2F1EC4C24DA837600F12EA4 /* AppDelegate.swift in Sources */ = {isa = PBXBuildFile; fileRef = F2F1EC4B24DA837600F12EA4 /* AppDelegate.swift */; };
		F2F1EC4E24DA837600F12EA4 /* SceneDelegate.swift in Sources */ = {isa = PBXBuildFile; fileRef = F2F1EC4D24DA837600F12EA4 /* SceneDelegate.swift */; };
		F2F1EC5024DA837600F12EA4 /* ViewController.swift in Sources */ = {isa = PBXBuildFile; fileRef = F2F1EC4F24DA837600F12EA4 /* ViewController.swift */; };
		F2F1EC5324DA837600F12EA4 /* Main.storyboard in Resources */ = {isa = PBXBuildFile; fileRef = F2F1EC5124DA837600F12EA4 /* Main.storyboard */; };
		F2F1EC5524DA837800F12EA4 /* Assets.xcassets in Resources */ = {isa = PBXBuildFile; fileRef = F2F1EC5424DA837800F12EA4 /* Assets.xcassets */; };
		F2F1EC5824DA837800F12EA4 /* LaunchScreen.storyboard in Resources */ = {isa = PBXBuildFile; fileRef = F2F1EC5624DA837800F12EA4 /* LaunchScreen.storyboard */; };
		F2F1EC6024DA846800F12EA4 /* TimeLineViewController.swift in Sources */ = {isa = PBXBuildFile; fileRef = F2F1EC5F24DA846800F12EA4 /* TimeLineViewController.swift */; };
		F2F1EC6224DA847400F12EA4 /* ShareViewController.swift in Sources */ = {isa = PBXBuildFile; fileRef = F2F1EC6124DA847400F12EA4 /* ShareViewController.swift */; };
		F2F1EC6424DA848300F12EA4 /* PostData.swift in Sources */ = {isa = PBXBuildFile; fileRef = F2F1EC6324DA848300F12EA4 /* PostData.swift */; };
/* End PBXBuildFile section */

/* Begin PBXFileReference section */
		6CD1AD5C1DF58E244AB0AAB3 /* Pods-Swift5Watson.release.xcconfig */ = {isa = PBXFileReference; includeInIndex = 1; lastKnownFileType = text.xcconfig; name = "Pods-Swift5Watson.release.xcconfig"; path = "Target Support Files/Pods-Swift5Watson/Pods-Swift5Watson.release.xcconfig"; sourceTree = "<group>"; };
		6D43658E739B774C8BA3E746 /* Pods_Swift5Watson.framework */ = {isa = PBXFileReference; explicitFileType = wrapper.framework; includeInIndex = 0; path = Pods_Swift5Watson.framework; sourceTree = BUILT_PRODUCTS_DIR; };
		BC29A5DC96508A8139E66DE7 /* Pods-Swift5Watson.debug.xcconfig */ = {isa = PBXFileReference; includeInIndex = 1; lastKnownFileType = text.xcconfig; name = "Pods-Swift5Watson.debug.xcconfig"; path = "Target Support Files/Pods-Swift5Watson/Pods-Swift5Watson.debug.xcconfig"; sourceTree = "<group>"; };
		F2B6759B24DB060700C6834D /* GoogleService-Info.plist */ = {isa = PBXFileReference; fileEncoding = 4; lastKnownFileType = text.plist.xml; path = "GoogleService-Info.plist"; sourceTree = "<group>"; };
		F2F1EC4824DA837600F12EA4 /* Swift5Watson.app */ = {isa = PBXFileReference; explicitFileType = wrapper.application; includeInIndex = 0; path = Swift5Watson.app; sourceTree = BUILT_PRODUCTS_DIR; };
		F2F1EC4B24DA837600F12EA4 /* AppDelegate.swift */ = {isa = PBXFileReference; lastKnownFileType = sourcecode.swift; path = AppDelegate.swift; sourceTree = "<group>"; };
		F2F1EC4D24DA837600F12EA4 /* SceneDelegate.swift */ = {isa = PBXFileReference; lastKnownFileType = sourcecode.swift; path = SceneDelegate.swift; sourceTree = "<group>"; };
		F2F1EC4F24DA837600F12EA4 /* ViewController.swift */ = {isa = PBXFileReference; lastKnownFileType = sourcecode.swift; path = ViewController.swift; sourceTree = "<group>"; };
		F2F1EC5224DA837600F12EA4 /* Base */ = {isa = PBXFileReference; lastKnownFileType = file.storyboard; name = Base; path = Base.lproj/Main.storyboard; sourceTree = "<group>"; };
		F2F1EC5424DA837800F12EA4 /* Assets.xcassets */ = {isa = PBXFileReference; lastKnownFileType = folder.assetcatalog; path = Assets.xcassets; sourceTree = "<group>"; };
		F2F1EC5724DA837800F12EA4 /* Base */ = {isa = PBXFileReference; lastKnownFileType = file.storyboard; name = Base; path = Base.lproj/LaunchScreen.storyboard; sourceTree = "<group>"; };
		F2F1EC5924DA837800F12EA4 /* Info.plist */ = {isa = PBXFileReference; lastKnownFileType = text.plist.xml; path = Info.plist; sourceTree = "<group>"; };
		F2F1EC5F24DA846800F12EA4 /* TimeLineViewController.swift */ = {isa = PBXFileReference; lastKnownFileType = sourcecode.swift; path = TimeLineViewController.swift; sourceTree = "<group>"; };
		F2F1EC6124DA847400F12EA4 /* ShareViewController.swift */ = {isa = PBXFileReference; lastKnownFileType = sourcecode.swift; path = ShareViewController.swift; sourceTree = "<group>"; };
		F2F1EC6324DA848300F12EA4 /* PostData.swift */ = {isa = PBXFileReference; lastKnownFileType = sourcecode.swift; path = PostData.swift; sourceTree = "<group>"; };
/* End PBXFileReference section */

/* Begin PBXFrameworksBuildPhase section */
		F2F1EC4524DA837600F12EA4 /* Frameworks */ = {
			isa = PBXFrameworksBuildPhase;
			buildActionMask = 2147483647;
			files = (
				4D0CE43E6C8B22A8FD1E7901 /* Pods_Swift5Watson.framework in Frameworks */,
			);
			runOnlyForDeploymentPostprocessing = 0;
		};
/* End PBXFrameworksBuildPhase section */

/* Begin PBXGroup section */
		7D4BED902AE41D410FDDFCB2 /* Pods */ = {
			isa = PBXGroup;
			children = (
				BC29A5DC96508A8139E66DE7 /* Pods-Swift5Watson.debug.xcconfig */,
				6CD1AD5C1DF58E244AB0AAB3 /* Pods-Swift5Watson.release.xcconfig */,
			);
			path = Pods;
			sourceTree = "<group>";
		};
		BBB3D1A6B53113FFD494225D /* Frameworks */ = {
			isa = PBXGroup;
			children = (
				6D43658E739B774C8BA3E746 /* Pods_Swift5Watson.framework */,
			);
			name = Frameworks;
			sourceTree = "<group>";
		};
		F2F1EC3F24DA837600F12EA4 = {
			isa = PBXGroup;
			children = (
				F2F1EC4A24DA837600F12EA4 /* Swift5Watson */,
				F2F1EC4924DA837600F12EA4 /* Products */,
				7D4BED902AE41D410FDDFCB2 /* Pods */,
				BBB3D1A6B53113FFD494225D /* Frameworks */,
			);
			sourceTree = "<group>";
		};
		F2F1EC4924DA837600F12EA4 /* Products */ = {
			isa = PBXGroup;
			children = (
				F2F1EC4824DA837600F12EA4 /* Swift5Watson.app */,
			);
			name = Products;
			sourceTree = "<group>";
		};
		F2F1EC4A24DA837600F12EA4 /* Swift5Watson */ = {
			isa = PBXGroup;
			children = (
				F2F1EC4B24DA837600F12EA4 /* AppDelegate.swift */,
				F2F1EC4D24DA837600F12EA4 /* SceneDelegate.swift */,
				F2F1EC4F24DA837600F12EA4 /* ViewController.swift */,
				F2F1EC5F24DA846800F12EA4 /* TimeLineViewController.swift */,
				F2F1EC6124DA847400F12EA4 /* ShareViewController.swift */,
				F2F1EC5124DA837600F12EA4 /* Main.storyboard */,
				F2F1EC5424DA837800F12EA4 /* Assets.xcassets */,
				F2F1EC5624DA837800F12EA4 /* LaunchScreen.storyboard */,
				F2F1EC5924DA837800F12EA4 /* Info.plist */,
				F2B6759B24DB060700C6834D /* GoogleService-Info.plist */,
				F2F1EC6324DA848300F12EA4 /* PostData.swift */,
			);
			path = Swift5Watson;
			sourceTree = "<group>";
		};
/* End PBXGroup section */

/* Begin PBXNativeTarget section */
		F2F1EC4724DA837600F12EA4 /* Swift5Watson */ = {
			isa = PBXNativeTarget;
			buildConfigurationList = F2F1EC5C24DA837800F12EA4 /* Build configuration list for PBXNativeTarget "Swift5Watson" */;
			buildPhases = (
				BF984AAB57D56FEB17B01FBE /* [CP] Check Pods Manifest.lock */,
				F2F1EC4424DA837600F12EA4 /* Sources */,
				F2F1EC4524DA837600F12EA4 /* Frameworks */,
				F2F1EC4624DA837600F12EA4 /* Resources */,
				FC33CFB6076C4BBE7BD037A4 /* [CP] Embed Pods Frameworks */,
			);
			buildRules = (
			);
			dependencies = (
			);
			name = Swift5Watson;
			productName = Swift5Watson;
			productReference = F2F1EC4824DA837600F12EA4 /* Swift5Watson.app */;
			productType = "com.apple.product-type.application";
		};
/* End PBXNativeTarget section */

/* Begin PBXProject section */
		F2F1EC4024DA837600F12EA4 /* Project object */ = {
			isa = PBXProject;
			attributes = {
				LastSwiftUpdateCheck = 1160;
				LastUpgradeCheck = 1160;
				ORGANIZATIONNAME = ueda.daiki;
				TargetAttributes = {
					F2F1EC4724DA837600F12EA4 = {
						CreatedOnToolsVersion = 11.6;
					};
				};
			};
			buildConfigurationList = F2F1EC4324DA837600F12EA4 /* Build configuration list for PBXProject "Swift5Watson" */;
			compatibilityVersion = "Xcode 9.3";
			developmentRegion = en;
			hasScannedForEncodings = 0;
			knownRegions = (
				en,
				Base,
			);
			mainGroup = F2F1EC3F24DA837600F12EA4;
			productRefGroup = F2F1EC4924DA837600F12EA4 /* Products */;
			projectDirPath = "";
			projectRoot = "";
			targets = (
				F2F1EC4724DA837600F12EA4 /* Swift5Watson */,
			);
		};
/* End PBXProject section */

/* Begin PBXResourcesBuildPhase section */
		F2F1EC4624DA837600F12EA4 /* Resources */ = {
			isa = PBXResourcesBuildPhase;
			buildActionMask = 2147483647;
			files = (
				F2F1EC5824DA837800F12EA4 /* LaunchScreen.storyboard in Resources */,
				F2F1EC5524DA837800F12EA4 /* Assets.xcassets in Resources */,
				F2F1EC5324DA837600F12EA4 /* Main.storyboard in Resources */,
				F2B6759C24DB060700C6834D /* GoogleService-Info.plist in Resources */,
			);
			runOnlyForDeploymentPostprocessing = 0;
		};
/* End PBXResourcesBuildPhase section */

/* Begin PBXShellScriptBuildPhase section */
		BF984AAB57D56FEB17B01FBE /* [CP] Check Pods Manifest.lock */ = {
			isa = PBXShellScriptBuildPhase;
			buildActionMask = 2147483647;
			files = (
			);
			inputFileListPaths = (
			);
			inputPaths = (
				"${PODS_PODFILE_DIR_PATH}/Podfile.lock",
				"${PODS_ROOT}/Manifest.lock",
			);
			name = "[CP] Check Pods Manifest.lock";
			outputFileListPaths = (
			);
			outputPaths = (
				"$(DERIVED_FILE_DIR)/Pods-Swift5Watson-checkManifestLockResult.txt",
			);
			runOnlyForDeploymentPostprocessing = 0;
			shellPath = /bin/sh;
			shellScript = "diff \"${PODS_PODFILE_DIR_PATH}/Podfile.lock\" \"${PODS_ROOT}/Manifest.lock\" > /dev/null\nif [ $? != 0 ] ; then\n    # print error to STDERR\n    echo \"error: The sandbox is not in sync with the Podfile.lock. Run 'pod install' or update your CocoaPods installation.\" >&2\n    exit 1\nfi\n# This output is used by Xcode 'outputs' to avoid re-running this script phase.\necho \"SUCCESS\" > \"${SCRIPT_OUTPUT_FILE_0}\"\n";
			showEnvVarsInLog = 0;
		};
		FC33CFB6076C4BBE7BD037A4 /* [CP] Embed Pods Frameworks */ = {
			isa = PBXShellScriptBuildPhase;
			buildActionMask = 2147483647;
			files = (
			);
			inputFileListPaths = (
				"${PODS_ROOT}/Target Support Files/Pods-Swift5Watson/Pods-Swift5Watson-frameworks-${CONFIGURATION}-input-files.xcfilelist",
			);
			name = "[CP] Embed Pods Frameworks";
			outputFileListPaths = (
				"${PODS_ROOT}/Target Support Files/Pods-Swift5Watson/Pods-Swift5Watson-frameworks-${CONFIGURATION}-output-files.xcfilelist",
			);
			runOnlyForDeploymentPostprocessing = 0;
			shellPath = /bin/sh;
			shellScript = "\"${PODS_ROOT}/Target Support Files/Pods-Swift5Watson/Pods-Swift5Watson-frameworks.sh\"\n";
			showEnvVarsInLog = 0;
		};
/* End PBXShellScriptBuildPhase section */

/* Begin PBXSourcesBuildPhase section */
		F2F1EC4424DA837600F12EA4 /* Sources */ = {
			isa = PBXSourcesBuildPhase;
			buildActionMask = 2147483647;
			files = (
				F2F1EC5024DA837600F12EA4 /* ViewController.swift in Sources */,
				F2F1EC6424DA848300F12EA4 /* PostData.swift in Sources */,
				F2F1EC6024DA846800F12EA4 /* TimeLineViewController.swift in Sources */,
				F2F1EC6224DA847400F12EA4 /* ShareViewController.swift in Sources */,
				F2F1EC4C24DA837600F12EA4 /* AppDelegate.swift in Sources */,
				F2F1EC4E24DA837600F12EA4 /* SceneDelegate.swift in Sources */,
			);
			runOnlyForDeploymentPostprocessing = 0;
		};
/* End PBXSourcesBuildPhase section */

/* Begin PBXVariantGroup section */
		F2F1EC5124DA837600F12EA4 /* Main.storyboard */ = {
			isa = PBXVariantGroup;
			children = (
				F2F1EC5224DA837600F12EA4 /* Base */,
			);
			name = Main.storyboard;
			sourceTree = "<group>";
		};
		F2F1EC5624DA837800F12EA4 /* LaunchScreen.storyboard */ = {
			isa = PBXVariantGroup;
			children = (
				F2F1EC5724DA837800F12EA4 /* Base */,
			);
			name = LaunchScreen.storyboard;
			sourceTree = "<group>";
		};
/* End PBXVariantGroup section */

/* Begin XCBuildConfiguration section */
		F2F1EC5A24DA837800F12EA4 /* Debug */ = {
			isa = XCBuildConfiguration;
			buildSettings = {
				ALWAYS_SEARCH_USER_PATHS = NO;
				CLANG_ANALYZER_NONNULL = YES;
				CLANG_ANALYZER_NUMBER_OBJECT_CONVERSION = YES_AGGRESSIVE;
				CLANG_CXX_LANGUAGE_STANDARD = "gnu++14";
				CLANG_CXX_LIBRARY = "libc++";
				CLANG_ENABLE_MODULES = YES;
				CLANG_ENABLE_OBJC_ARC = YES;
				CLANG_ENABLE_OBJC_WEAK = YES;
				CLANG_WARN_BLOCK_CAPTURE_AUTORELEASING = YES;
				CLANG_WARN_BOOL_CONVERSION = YES;
				CLANG_WARN_COMMA = YES;
				CLANG_WARN_CONSTANT_CONVERSION = YES;
				CLANG_WARN_DEPRECATED_OBJC_IMPLEMENTATIONS = YES;
				CLANG_WARN_DIRECT_OBJC_ISA_USAGE = YES_ERROR;
				CLANG_WARN_DOCUMENTATION_COMMENTS = YES;
				CLANG_WARN_EMPTY_BODY = YES;
				CLANG_WARN_ENUM_CONVERSION = YES;
				CLANG_WARN_INFINITE_RECURSION = YES;
				CLANG_WARN_INT_CONVERSION = YES;
				CLANG_WARN_NON_LITERAL_NULL_CONVERSION = YES;
				CLANG_WARN_OBJC_IMPLICIT_RETAIN_SELF = YES;
				CLANG_WARN_OBJC_LITERAL_CONVERSION = YES;
				CLANG_WARN_OBJC_ROOT_CLASS = YES_ERROR;
				CLANG_WARN_RANGE_LOOP_ANALYSIS = YES;
				CLANG_WARN_STRICT_PROTOTYPES = YES;
				CLANG_WARN_SUSPICIOUS_MOVE = YES;
				CLANG_WARN_UNGUARDED_AVAILABILITY = YES_AGGRESSIVE;
				CLANG_WARN_UNREACHABLE_CODE = YES;
				CLANG_WARN__DUPLICATE_METHOD_MATCH = YES;
				COPY_PHASE_STRIP = NO;
				DEBUG_INFORMATION_FORMAT = dwarf;
				ENABLE_STRICT_OBJC_MSGSEND = YES;
				ENABLE_TESTABILITY = YES;
				GCC_C_LANGUAGE_STANDARD = gnu11;
				GCC_DYNAMIC_NO_PIC = NO;
				GCC_NO_COMMON_BLOCKS = YES;
				GCC_OPTIMIZATION_LEVEL = 0;
				GCC_PREPROCESSOR_DEFINITIONS = (
					"DEBUG=1",
					"$(inherited)",
				);
				GCC_WARN_64_TO_32_BIT_CONVERSION = YES;
				GCC_WARN_ABOUT_RETURN_TYPE = YES_ERROR;
				GCC_WARN_UNDECLARED_SELECTOR = YES;
				GCC_WARN_UNINITIALIZED_AUTOS = YES_AGGRESSIVE;
				GCC_WARN_UNUSED_FUNCTION = YES;
				GCC_WARN_UNUSED_VARIABLE = YES;
				IPHONEOS_DEPLOYMENT_TARGET = 13.6;
				MTL_ENABLE_DEBUG_INFO = INCLUDE_SOURCE;
				MTL_FAST_MATH = YES;
				ONLY_ACTIVE_ARCH = YES;
				SDKROOT = iphoneos;
				SWIFT_ACTIVE_COMPILATION_CONDITIONS = DEBUG;
				SWIFT_OPTIMIZATION_LEVEL = "-Onone";
			};
			name = Debug;
		};
		F2F1EC5B24DA837800F12EA4 /* Release */ = {
			isa = XCBuildConfiguration;
			buildSettings = {
				ALWAYS_SEARCH_USER_PATHS = NO;
				CLANG_ANALYZER_NONNULL = YES;
				CLANG_ANALYZER_NUMBER_OBJECT_CONVERSION = YES_AGGRESSIVE;
				CLANG_CXX_LANGUAGE_STANDARD = "gnu++14";
				CLANG_CXX_LIBRARY = "libc++";
				CLANG_ENABLE_MODULES = YES;
				CLANG_ENABLE_OBJC_ARC = YES;
				CLANG_ENABLE_OBJC_WEAK = YES;
				CLANG_WARN_BLOCK_CAPTURE_AUTORELEASING = YES;
				CLANG_WARN_BOOL_CONVERSION = YES;
				CLANG_WARN_COMMA = YES;
				CLANG_WARN_CONSTANT_CONVERSION = YES;
				CLANG_WARN_DEPRECATED_OBJC_IMPLEMENTATIONS = YES;
				CLANG_WARN_DIRECT_OBJC_ISA_USAGE = YES_ERROR;
				CLANG_WARN_DOCUMENTATION_COMMENTS = YES;
				CLANG_WARN_EMPTY_BODY = YES;
				CLANG_WARN_ENUM_CONVERSION = YES;
				CLANG_WARN_INFINITE_RECURSION = YES;
				CLANG_WARN_INT_CONVERSION = YES;
				CLANG_WARN_NON_LITERAL_NULL_CONVERSION = YES;
				CLANG_WARN_OBJC_IMPLICIT_RETAIN_SELF = YES;
				CLANG_WARN_OBJC_LITERAL_CONVERSION = YES;
				CLANG_WARN_OBJC_ROOT_CLASS = YES_ERROR;
				CLANG_WARN_RANGE_LOOP_ANALYSIS = YES;
				CLANG_WARN_STRICT_PROTOTYPES = YES;
				CLANG_WARN_SUSPICIOUS_MOVE = YES;
				CLANG_WARN_UNGUARDED_AVAILABILITY = YES_AGGRESSIVE;
				CLANG_WARN_UNREACHABLE_CODE = YES;
				CLANG_WARN__DUPLICATE_METHOD_MATCH = YES;
				COPY_PHASE_STRIP = NO;
				DEBUG_INFORMATION_FORMAT = "dwarf-with-dsym";
				ENABLE_NS_ASSERTIONS = NO;
				ENABLE_STRICT_OBJC_MSGSEND = YES;
				GCC_C_LANGUAGE_STANDARD = gnu11;
				GCC_NO_COMMON_BLOCKS = YES;
				GCC_WARN_64_TO_32_BIT_CONVERSION = YES;
				GCC_WARN_ABOUT_RETURN_TYPE = YES_ERROR;
				GCC_WARN_UNDECLARED_SELECTOR = YES;
				GCC_WARN_UNINITIALIZED_AUTOS = YES_AGGRESSIVE;
				GCC_WARN_UNUSED_FUNCTION = YES;
				GCC_WARN_UNUSED_VARIABLE = YES;
				IPHONEOS_DEPLOYMENT_TARGET = 13.6;
				MTL_ENABLE_DEBUG_INFO = NO;
				MTL_FAST_MATH = YES;
				SDKROOT = iphoneos;
				SWIFT_COMPILATION_MODE = wholemodule;
				SWIFT_OPTIMIZATION_LEVEL = "-O";
				VALIDATE_PRODUCT = YES;
			};
			name = Release;
		};
		F2F1EC5D24DA837800F12EA4 /* Debug */ = {
			isa = XCBuildConfiguration;
			baseConfigurationReference = BC29A5DC96508A8139E66DE7 /* Pods-Swift5Watson.debug.xcconfig */;
			buildSettings = {
				ASSETCATALOG_COMPILER_APPICON_NAME = AppIcon;
				CODE_SIGN_STYLE = Automatic;
				DEVELOPMENT_TEAM = 3RBHM7VUJZ;
				INFOPLIST_FILE = Swift5Watson/Info.plist;
				LD_RUNPATH_SEARCH_PATHS = (
					"$(inherited)",
					"@executable_path/Frameworks",
				);
				PRODUCT_BUNDLE_IDENTIFIER = com.daiki.Swift5Watson;
				PRODUCT_NAME = "$(TARGET_NAME)";
				SWIFT_VERSION = 5.0;
				TARGETED_DEVICE_FAMILY = 1;
			};
			name = Debug;
		};
		F2F1EC5E24DA837800F12EA4 /* Release */ = {
			isa = XCBuildConfiguration;
			baseConfigurationReference = 6CD1AD5C1DF58E244AB0AAB3 /* Pods-Swift5Watson.release.xcconfig */;
			buildSettings = {
				ASSETCATALOG_COMPILER_APPICON_NAME = AppIcon;
				CODE_SIGN_STYLE = Automatic;
				DEVELOPMENT_TEAM = 3RBHM7VUJZ;
				INFOPLIST_FILE = Swift5Watson/Info.plist;
				LD_RUNPATH_SEARCH_PATHS = (
					"$(inherited)",
					"@executable_path/Frameworks",
				);
				PRODUCT_BUNDLE_IDENTIFIER = com.daiki.Swift5Watson;
				PRODUCT_NAME = "$(TARGET_NAME)";
				SWIFT_VERSION = 5.0;
				TARGETED_DEVICE_FAMILY = 1;
			};
			name = Release;
		};
/* End XCBuildConfiguration section */

/* Begin XCConfigurationList section */
		F2F1EC4324DA837600F12EA4 /* Build configuration list for PBXProject "Swift5Watson" */ = {
			isa = XCConfigurationList;
			buildConfigurations = (
				F2F1EC5A24DA837800F12EA4 /* Debug */,
				F2F1EC5B24DA837800F12EA4 /* Release */,
			);
			defaultConfigurationIsVisible = 0;
			defaultConfigurationName = Release;
		};
		F2F1EC5C24DA837800F12EA4 /* Build configuration list for PBXNativeTarget "Swift5Watson" */ = {
			isa = XCConfigurationList;
			buildConfigurations = (
				F2F1EC5D24DA837800F12EA4 /* Debug */,
				F2F1EC5E24DA837800F12EA4 /* Release */,
			);
			defaultConfigurationIsVisible = 0;
			defaultConfigurationName = Release;
		};
/* End XCConfigurationList section */
	};
	rootObject = F2F1EC4024DA837600F12EA4 /* Project object */;
}
